
Microsoft Visual Studio Solution File, Format Version 12.00
# Visual Studio 15
VisualStudioVersion = 15.0.28307.329
MinimumVisualStudioVersion = 10.0.40219.1
Project("{FAE04EC0-301F-11D3-BF4B-00C04F79EFBC}") = "Homework6.Android", "Homework6\Homework6.Android\Homework6.Android.csproj", "{9D3A3368-4D78-4907-9C61-EEAAE3DD8716}"
EndProject
Project("{FAE04EC0-301F-11D3-BF4B-00C04F79EFBC}") = "Homework6.iOS", "Homework6\Homework6.iOS\Homework6.iOS.csproj", "{CF954D91-DE66-441D-9E29-90D561814838}"
EndProject
Project("{FAE04EC0-301F-11D3-BF4B-00C04F79EFBC}") = "Homework6.UWP", "Homework6\Homework6.UWP\Homework6.UWP.csproj", "{FBA03599-EFCD-40DC-AC2B-5E5F137726E8}"
EndProject
Project("{FAE04EC0-301F-11D3-BF4B-00C04F79EFBC}") = "Homework6", "Homework6\Homework6\Homework6.csproj", "{116DB60D-FDFE-4F88-B3AD-4BC883993B23}"
EndProject
Global
	GlobalSection(SolutionConfigurationPlatforms) = preSolution
		Ad-Hoc|Any CPU = Ad-Hoc|Any CPU
		Ad-Hoc|ARM = Ad-Hoc|ARM
		Ad-Hoc|iPhone = Ad-Hoc|iPhone
		Ad-Hoc|iPhoneSimulator = Ad-Hoc|iPhoneSimulator
		Ad-Hoc|x64 = Ad-Hoc|x64
		Ad-Hoc|x86 = Ad-Hoc|x86
		AppStore|Any CPU = AppStore|Any CPU
		AppStore|ARM = AppStore|ARM
		AppStore|iPhone = AppStore|iPhone
		AppStore|iPhoneSimulator = AppStore|iPhoneSimulator
		AppStore|x64 = AppStore|x64
		AppStore|x86 = AppStore|x86
		Debug|Any CPU = Debug|Any CPU
		Debug|ARM = Debug|ARM
		Debug|iPhone = Debug|iPhone
		Debug|iPhoneSimulator = Debug|iPhoneSimulator
		Debug|x64 = Debug|x64
		Debug|x86 = Debug|x86
		Release|Any CPU = Release|Any CPU
		Release|ARM = Release|ARM
		Release|iPhone = Release|iPhone
		Release|iPhoneSimulator = Release|iPhoneSimulator
		Release|x64 = Release|x64
		Release|x86 = Release|x86
	EndGlobalSection
	GlobalSection(ProjectConfigurationPlatforms) = postSolution
		{9D3A3368-4D78-4907-9C61-EEAAE3DD8716}.Ad-Hoc|Any CPU.ActiveCfg = Release|Any CPU
		{9D3A3368-4D78-4907-9C61-EEAAE3DD8716}.Ad-Hoc|Any CPU.Build.0 = Release|Any CPU
		{9D3A3368-4D78-4907-9C61-EEAAE3DD8716}.Ad-Hoc|Any CPU.Deploy.0 = Release|Any CPU
		{9D3A3368-4D78-4907-9C61-EEAAE3DD8716}.Ad-Hoc|ARM.ActiveCfg = Release|Any CPU
		{9D3A3368-4D78-4907-9C61-EEAAE3DD8716}.Ad-Hoc|ARM.Build.0 = Release|Any CPU
		{9D3A3368-4D78-4907-9C61-EEAAE3DD8716}.Ad-Hoc|ARM.Deploy.0 = Release|Any CPU
		{9D3A3368-4D78-4907-9C61-EEAAE3DD8716}.Ad-Hoc|iPhone.ActiveCfg = Release|Any CPU
		{9D3A3368-4D78-4907-9C61-EEAAE3DD8716}.Ad-Hoc|iPhone.Build.0 = Release|Any CPU
		{9D3A3368-4D78-4907-9C61-EEAAE3DD8716}.Ad-Hoc|iPhone.Deploy.0 = Release|Any CPU
		{9D3A3368-4D78-4907-9C61-EEAAE3DD8716}.Ad-Hoc|iPhoneSimulator.ActiveCfg = Release|Any CPU
		{9D3A3368-4D78-4907-9C61-EEAAE3DD8716}.Ad-Hoc|iPhoneSimulator.Build.0 = Release|Any CPU
		{9D3A3368-4D78-4907-9C61-EEAAE3DD8716}.Ad-Hoc|iPhoneSimulator.Deploy.0 = Release|Any CPU
		{9D3A3368-4D78-4907-9C61-EEAAE3DD8716}.Ad-Hoc|x64.ActiveCfg = Release|Any CPU
		{9D3A3368-4D78-4907-9C61-EEAAE3DD8716}.Ad-Hoc|x64.Build.0 = Release|Any CPU
		{9D3A3368-4D78-4907-9C61-EEAAE3DD8716}.Ad-Hoc|x64.Deploy.0 = Release|Any CPU
		{9D3A3368-4D78-4907-9C61-EEAAE3DD8716}.Ad-Hoc|x86.ActiveCfg = Release|Any CPU
		{9D3A3368-4D78-4907-9C61-EEAAE3DD8716}.Ad-Hoc|x86.Build.0 = Release|Any CPU
		{9D3A3368-4D78-4907-9C61-EEAAE3DD8716}.Ad-Hoc|x86.Deploy.0 = Release|Any CPU
		{9D3A3368-4D78-4907-9C61-EEAAE3DD8716}.AppStore|Any CPU.ActiveCfg = Release|Any CPU
		{9D3A3368-4D78-4907-9C61-EEAAE3DD8716}.AppStore|Any CPU.Build.0 = Release|Any CPU
		{9D3A3368-4D78-4907-9C61-EEAAE3DD8716}.AppStore|Any CPU.Deploy.0 = Release|Any CPU
		{9D3A3368-4D78-4907-9C61-EEAAE3DD8716}.AppStore|ARM.ActiveCfg = Release|Any CPU
		{9D3A3368-4D78-4907-9C61-EEAAE3DD8716}.AppStore|ARM.Build.0 = Release|Any CPU
		{9D3A3368-4D78-4907-9C61-EEAAE3DD8716}.AppStore|ARM.Deploy.0 = Release|Any CPU
		{9D3A3368-4D78-4907-9C61-EEAAE3DD8716}.AppStore|iPhone.ActiveCfg = Release|Any CPU
		{9D3A3368-4D78-4907-9C61-EEAAE3DD8716}.AppStore|iPhone.Build.0 = Release|Any CPU
		{9D3A3368-4D78-4907-9C61-EEAAE3DD8716}.AppStore|iPhone.Deploy.0 = Release|Any CPU
		{9D3A3368-4D78-4907-9C61-EEAAE3DD8716}.AppStore|iPhoneSimulator.ActiveCfg = Release|Any CPU
		{9D3A3368-4D78-4907-9C61-EEAAE3DD8716}.AppStore|iPhoneSimulator.Build.0 = Release|Any CPU
		{9D3A3368-4D78-4907-9C61-EEAAE3DD8716}.AppStore|iPhoneSimulator.Deploy.0 = Release|Any CPU
		{9D3A3368-4D78-4907-9C61-EEAAE3DD8716}.AppStore|x64.ActiveCfg = Release|Any CPU
		{9D3A3368-4D78-4907-9C61-EEAAE3DD8716}.AppStore|x64.Build.0 = Release|Any CPU
		{9D3A3368-4D78-4907-9C61-EEAAE3DD8716}.AppStore|x64.Deploy.0 = Release|Any CPU
		{9D3A3368-4D78-4907-9C61-EEAAE3DD8716}.AppStore|x86.ActiveCfg = Release|Any CPU
		{9D3A3368-4D78-4907-9C61-EEAAE3DD8716}.AppStore|x86.Build.0 = Release|Any CPU
		{9D3A3368-4D78-4907-9C61-EEAAE3DD8716}.AppStore|x86.Deploy.0 = Release|Any CPU
		{9D3A3368-4D78-4907-9C61-EEAAE3DD8716}.Debug|Any CPU.ActiveCfg = Debug|Any CPU
		{9D3A3368-4D78-4907-9C61-EEAAE3DD8716}.Debug|Any CPU.Build.0 = Debug|Any CPU
		{9D3A3368-4D78-4907-9C61-EEAAE3DD8716}.Debug|Any CPU.Deploy.0 = Debug|Any CPU
		{9D3A3368-4D78-4907-9C61-EEAAE3DD8716}.Debug|ARM.ActiveCfg = Debug|Any CPU
		{9D3A3368-4D78-4907-9C61-EEAAE3DD8716}.Debug|ARM.Build.0 = Debug|Any CPU
		{9D3A3368-4D78-4907-9C61-EEAAE3DD8716}.Debug|ARM.Deploy.0 = Debug|Any CPU
		{9D3A3368-4D78-4907-9C61-EEAAE3DD8716}.Debug|iPhone.ActiveCfg = Debug|Any CPU
		{9D3A3368-4D78-4907-9C61-EEAAE3DD8716}.Debug|iPhone.Build.0 = Debug|Any CPU
		{9D3A3368-4D78-4907-9C61-EEAAE3DD8716}.Debug|iPhone.Deploy.0 = Debug|Any CPU
		{9D3A3368-4D78-4907-9C61-EEAAE3DD8716}.Debug|iPhoneSimulator.ActiveCfg = Debug|Any CPU
		{9D3A3368-4D78-4907-9C61-EEAAE3DD8716}.Debug|iPhoneSimulator.Build.0 = Debug|Any CPU
		{9D3A3368-4D78-4907-9C61-EEAAE3DD8716}.Debug|iPhoneSimulator.Deploy.0 = Debug|Any CPU
		{9D3A3368-4D78-4907-9C61-EEAAE3DD8716}.Debug|x64.ActiveCfg = Debug|Any CPU
		{9D3A3368-4D78-4907-9C61-EEAAE3DD8716}.Debug|x64.Build.0 = Debug|Any CPU
		{9D3A3368-4D78-4907-9C61-EEAAE3DD8716}.Debug|x64.Deploy.0 = Debug|Any CPU
		{9D3A3368-4D78-4907-9C61-EEAAE3DD8716}.Debug|x86.ActiveCfg = Debug|Any CPU
		{9D3A3368-4D78-4907-9C61-EEAAE3DD8716}.Debug|x86.Build.0 = Debug|Any CPU
		{9D3A3368-4D78-4907-9C61-EEAAE3DD8716}.Debug|x86.Deploy.0 = Debug|Any CPU
		{9D3A3368-4D78-4907-9C61-EEAAE3DD8716}.Release|Any CPU.ActiveCfg = Release|Any CPU
		{9D3A3368-4D78-4907-9C61-EEAAE3DD8716}.Release|Any CPU.Build.0 = Release|Any CPU
		{9D3A3368-4D78-4907-9C61-EEAAE3DD8716}.Release|Any CPU.Deploy.0 = Release|Any CPU
		{9D3A3368-4D78-4907-9C61-EEAAE3DD8716}.Release|ARM.ActiveCfg = Release|Any CPU
		{9D3A3368-4D78-4907-9C61-EEAAE3DD8716}.Release|ARM.Build.0 = Release|Any CPU
		{9D3A3368-4D78-4907-9C61-EEAAE3DD8716}.Release|ARM.Deploy.0 = Release|Any CPU
		{9D3A3368-4D78-4907-9C61-EEAAE3DD8716}.Release|iPhone.ActiveCfg = Release|Any CPU
		{9D3A3368-4D78-4907-9C61-EEAAE3DD8716}.Release|iPhone.Build.0 = Release|Any CPU
		{9D3A3368-4D78-4907-9C61-EEAAE3DD8716}.Release|iPhone.Deploy.0 = Release|Any CPU
		{9D3A3368-4D78-4907-9C61-EEAAE3DD8716}.Release|iPhoneSimulator.ActiveCfg = Release|Any CPU
		{9D3A3368-4D78-4907-9C61-EEAAE3DD8716}.Release|iPhoneSimulator.Build.0 = Release|Any CPU
		{9D3A3368-4D78-4907-9C61-EEAAE3DD8716}.Release|iPhoneSimulator.Deploy.0 = Release|Any CPU
		{9D3A3368-4D78-4907-9C61-EEAAE3DD8716}.Release|x64.ActiveCfg = Release|Any CPU
		{9D3A3368-4D78-4907-9C61-EEAAE3DD8716}.Release|x64.Build.0 = Release|Any CPU
		{9D3A3368-4D78-4907-9C61-EEAAE3DD8716}.Release|x64.Deploy.0 = Release|Any CPU
		{9D3A3368-4D78-4907-9C61-EEAAE3DD8716}.Release|x86.ActiveCfg = Release|Any CPU
		{9D3A3368-4D78-4907-9C61-EEAAE3DD8716}.Release|x86.Build.0 = Release|Any CPU
		{9D3A3368-4D78-4907-9C61-EEAAE3DD8716}.Release|x86.Deploy.0 = Release|Any CPU
		{CF954D91-DE66-441D-9E29-90D561814838}.Ad-Hoc|Any CPU.ActiveCfg = Ad-Hoc|iPhone
		{CF954D91-DE66-441D-9E29-90D561814838}.Ad-Hoc|Any CPU.Build.0 = Ad-Hoc|iPhone
		{CF954D91-DE66-441D-9E29-90D561814838}.Ad-Hoc|Any CPU.Deploy.0 = Ad-Hoc|iPhone
		{CF954D91-DE66-441D-9E29-90D561814838}.Ad-Hoc|ARM.ActiveCfg = Ad-Hoc|iPhone
		{CF954D91-DE66-441D-9E29-90D561814838}.Ad-Hoc|ARM.Build.0 = Ad-Hoc|iPhone
		{CF954D91-DE66-441D-9E29-90D561814838}.Ad-Hoc|ARM.Deploy.0 = Ad-Hoc|iPhone
		{CF954D91-DE66-441D-9E29-90D561814838}.Ad-Hoc|iPhone.ActiveCfg = Ad-Hoc|iPhone
		{CF954D91-DE66-441D-9E29-90D561814838}.Ad-Hoc|iPhone.Build.0 = Ad-Hoc|iPhone
		{CF954D91-DE66-441D-9E29-90D561814838}.Ad-Hoc|iPhone.Deploy.0 = Ad-Hoc|iPhone
		{CF954D91-DE66-441D-9E29-90D561814838}.Ad-Hoc|iPhoneSimulator.ActiveCfg = Ad-Hoc|iPhoneSimulator
		{CF954D91-DE66-441D-9E29-90D561814838}.Ad-Hoc|iPhoneSimulator.Build.0 = Ad-Hoc|iPhoneSimulator
		{CF954D91-DE66-441D-9E29-90D561814838}.Ad-Hoc|iPhoneSimulator.Deploy.0 = Ad-Hoc|iPhoneSimulator
		{CF954D91-DE66-441D-9E29-90D561814838}.Ad-Hoc|x64.ActiveCfg = Ad-Hoc|iPhone
		{CF954D91-DE66-441D-9E29-90D561814838}.Ad-Hoc|x64.Build.0 = Ad-Hoc|iPhone
		{CF954D91-DE66-441D-9E29-90D561814838}.Ad-Hoc|x64.Deploy.0 = Ad-Hoc|iPhone
		{CF954D91-DE66-441D-9E29-90D561814838}.Ad-Hoc|x86.ActiveCfg = Ad-Hoc|iPhone
		{CF954D91-DE66-441D-9E29-90D561814838}.Ad-Hoc|x86.Build.0 = Ad-Hoc|iPhone
		{CF954D91-DE66-441D-9E29-90D561814838}.Ad-Hoc|x86.Deploy.0 = Ad-Hoc|iPhone
		{CF954D91-DE66-441D-9E29-90D561814838}.AppStore|Any CPU.ActiveCfg = AppStore|iPhone
		{CF954D91-DE66-441D-9E29-90D561814838}.AppStore|Any CPU.Build.0 = AppStore|iPhone
		{CF954D91-DE66-441D-9E29-90D561814838}.AppStore|Any CPU.Deploy.0 = AppStore|iPhone
		{CF954D91-DE66-441D-9E29-90D561814838}.AppStore|ARM.ActiveCfg = AppStore|iPhone
		{CF954D91-DE66-441D-9E29-90D561814838}.AppStore|ARM.Build.0 = AppStore|iPhone
		{CF954D91-DE66-441D-9E29-90D561814838}.AppStore|ARM.Deploy.0 = AppStore|iPhone
		{CF954D91-DE66-441D-9E29-90D561814838}.AppStore|iPhone.ActiveCfg = AppStore|iPhone
		{CF954D91-DE66-441D-9E29-90D561814838}.AppStore|iPhone.Build.0 = AppStore|iPhone
		{CF954D91-DE66-441D-9E29-90D561814838}.AppStore|iPhone.Deploy.0 = AppStore|iPhone
		{CF954D91-DE66-441D-9E29-90D561814838}.AppStore|iPhoneSimulator.ActiveCfg = AppStore|iPhoneSimulator
		{CF954D91-DE66-441D-9E29-90D561814838}.AppStore|iPhoneSimulator.Build.0 = AppStore|iPhoneSimulator
		{CF954D91-DE66-441D-9E29-90D561814838}.AppStore|iPhoneSimulator.Deploy.0 = AppStore|iPhoneSimulator
		{CF954D91-DE66-441D-9E29-90D561814838}.AppStore|x64.ActiveCfg = AppStore|iPhone
		{CF954D91-DE66-441D-9E29-90D561814838}.AppStore|x64.Build.0 = AppStore|iPhone
		{CF954D91-DE66-441D-9E29-90D561814838}.AppStore|x64.Deploy.0 = AppStore|iPhone
		{CF954D91-DE66-441D-9E29-90D561814838}.AppStore|x86.ActiveCfg = AppStore|iPhone
		{CF954D91-DE66-441D-9E29-90D561814838}.AppStore|x86.Build.0 = AppStore|iPhone
		{CF954D91-DE66-441D-9E29-90D561814838}.AppStore|x86.Deploy.0 = AppStore|iPhone
		{CF954D91-DE66-441D-9E29-90D561814838}.Debug|Any CPU.ActiveCfg = Debug|iPhoneSimulator
		{CF954D91-DE66-441D-9E29-90D561814838}.Debug|Any CPU.Build.0 = Debug|iPhoneSimulator
		{CF954D91-DE66-441D-9E29-90D561814838}.Debug|Any CPU.Deploy.0 = Debug|iPhoneSimulator
		{CF954D91-DE66-441D-9E29-90D561814838}.Debug|ARM.ActiveCfg = Debug|iPhone
		{CF954D91-DE66-441D-9E29-90D561814838}.Debug|ARM.Build.0 = Debug|iPhone
		{CF954D91-DE66-441D-9E29-90D561814838}.Debug|ARM.Deploy.0 = Debug|iPhone
		{CF954D91-DE66-441D-9E29-90D561814838}.Debug|iPhone.ActiveCfg = Debug|iPhone
		{CF954D91-DE66-441D-9E29-90D561814838}.Debug|iPhone.Build.0 = Debug|iPhone
		{CF954D91-DE66-441D-9E29-90D561814838}.Debug|iPhone.Deploy.0 = Debug|iPhone
		{CF954D91-DE66-441D-9E29-90D561814838}.Debug|iPhoneSimulator.ActiveCfg = Debug|iPhoneSimulator
		{CF954D91-DE66-441D-9E29-90D561814838}.Debug|iPhoneSimulator.Build.0 = Debug|iPhoneSimulator
		{CF954D91-DE66-441D-9E29-90D561814838}.Debug|iPhoneSimulator.Deploy.0 = Debug|iPhoneSimulator
		{CF954D91-DE66-441D-9E29-90D561814838}.Debug|x64.ActiveCfg = Debug|iPhone
		{CF954D91-DE66-441D-9E29-90D561814838}.Debug|x64.Build.0 = Debug|iPhone
		{CF954D91-DE66-441D-9E29-90D561814838}.Debug|x64.Deploy.0 = Debug|iPhone
		{CF954D91-DE66-441D-9E29-90D561814838}.Debug|x86.ActiveCfg = Debug|iPhone
		{CF954D91-DE66-441D-9E29-90D561814838}.Debug|x86.Build.0 = Debug|iPhone
		{CF954D91-DE66-441D-9E29-90D561814838}.Debug|x86.Deploy.0 = Debug|iPhone
		{CF954D91-DE66-441D-9E29-90D561814838}.Release|Any CPU.ActiveCfg = Release|iPhone
		{CF954D91-DE66-441D-9E29-90D561814838}.Release|Any CPU.Build.0 = Release|iPhone
		{CF954D91-DE66-441D-9E29-90D561814838}.Release|Any CPU.Deploy.0 = Release|iPhone
		{CF954D91-DE66-441D-9E29-90D561814838}.Release|ARM.ActiveCfg = Release|iPhone
		{CF954D91-DE66-441D-9E29-90D561814838}.Release|ARM.Build.0 = Release|iPhone
		{CF954D91-DE66-441D-9E29-90D561814838}.Release|ARM.Deploy.0 = Release|iPhone
		{CF954D91-DE66-441D-9E29-90D561814838}.Release|iPhone.ActiveCfg = Release|iPhone
		{CF954D91-DE66-441D-9E29-90D561814838}.Release|iPhone.Build.0 = Release|iPhone
		{CF954D91-DE66-441D-9E29-90D561814838}.Release|iPhone.Deploy.0 = Release|iPhone
		{CF954D91-DE66-441D-9E29-90D561814838}.Release|iPhoneSimulator.ActiveCfg = Release|iPhoneSimulator
		{CF954D91-DE66-441D-9E29-90D561814838}.Release|iPhoneSimulator.Build.0 = Release|iPhoneSimulator
		{CF954D91-DE66-441D-9E29-90D561814838}.Release|iPhoneSimulator.Deploy.0 = Release|iPhoneSimulator
		{CF954D91-DE66-441D-9E29-90D561814838}.Release|x64.ActiveCfg = Release|iPhone
		{CF954D91-DE66-441D-9E29-90D561814838}.Release|x64.Build.0 = Release|iPhone
		{CF954D91-DE66-441D-9E29-90D561814838}.Release|x64.Deploy.0 = Release|iPhone
		{CF954D91-DE66-441D-9E29-90D561814838}.Release|x86.ActiveCfg = Release|iPhone
		{CF954D91-DE66-441D-9E29-90D561814838}.Release|x86.Build.0 = Release|iPhone
		{CF954D91-DE66-441D-9E29-90D561814838}.Release|x86.Deploy.0 = Release|iPhone
		{FBA03599-EFCD-40DC-AC2B-5E5F137726E8}.Ad-Hoc|Any CPU.ActiveCfg = Release|x86
		{FBA03599-EFCD-40DC-AC2B-5E5F137726E8}.Ad-Hoc|Any CPU.Build.0 = Release|x86
		{FBA03599-EFCD-40DC-AC2B-5E5F137726E8}.Ad-Hoc|Any CPU.Deploy.0 = Release|x86
		{FBA03599-EFCD-40DC-AC2B-5E5F137726E8}.Ad-Hoc|ARM.ActiveCfg = Release|ARM
		{FBA03599-EFCD-40DC-AC2B-5E5F137726E8}.Ad-Hoc|ARM.Build.0 = Release|ARM
		{FBA03599-EFCD-40DC-AC2B-5E5F137726E8}.Ad-Hoc|ARM.Deploy.0 = Release|ARM
		{FBA03599-EFCD-40DC-AC2B-5E5F137726E8}.Ad-Hoc|iPhone.ActiveCfg = Release|x86
		{FBA03599-EFCD-40DC-AC2B-5E5F137726E8}.Ad-Hoc|iPhone.Build.0 = Release|x86
		{FBA03599-EFCD-40DC-AC2B-5E5F137726E8}.Ad-Hoc|iPhone.Deploy.0 = Release|x86
		{FBA03599-EFCD-40DC-AC2B-5E5F137726E8}.Ad-Hoc|iPhoneSimulator.ActiveCfg = Release|x86
		{FBA03599-EFCD-40DC-AC2B-5E5F137726E8}.Ad-Hoc|iPhoneSimulator.Build.0 = Release|x86
		{FBA03599-EFCD-40DC-AC2B-5E5F137726E8}.Ad-Hoc|iPhoneSimulator.Deploy.0 = Release|x86
		{FBA03599-EFCD-40DC-AC2B-5E5F137726E8}.Ad-Hoc|x64.ActiveCfg = Release|x64
		{FBA03599-EFCD-40DC-AC2B-5E5F137726E8}.Ad-Hoc|x64.Build.0 = Release|x64
		{FBA03599-EFCD-40DC-AC2B-5E5F137726E8}.Ad-Hoc|x64.Deploy.0 = Release|x64
		{FBA03599-EFCD-40DC-AC2B-5E5F137726E8}.Ad-Hoc|x86.ActiveCfg = Release|x86
		{FBA03599-EFCD-40DC-AC2B-5E5F137726E8}.Ad-Hoc|x86.Build.0 = Release|x86
		{FBA03599-EFCD-40DC-AC2B-5E5F137726E8}.Ad-Hoc|x86.Deploy.0 = Release|x86
		{FBA03599-EFCD-40DC-AC2B-5E5F137726E8}.AppStore|Any CPU.ActiveCfg = Release|x86
		{FBA03599-EFCD-40DC-AC2B-5E5F137726E8}.AppStore|Any CPU.Build.0 = Release|x86
		{FBA03599-EFCD-40DC-AC2B-5E5F137726E8}.AppStore|Any CPU.Deploy.0 = Release|x86
		{FBA03599-EFCD-40DC-AC2B-5E5F137726E8}.AppStore|ARM.ActiveCfg = Release|ARM
		{FBA03599-EFCD-40DC-AC2B-5E5F137726E8}.AppStore|ARM.Build.0 = Release|ARM
		{FBA03599-EFCD-40DC-AC2B-5E5F137726E8}.AppStore|ARM.Deploy.0 = Release|ARM
		{FBA03599-EFCD-40DC-AC2B-5E5F137726E8}.AppStore|iPhone.ActiveCfg = Release|x86
		{FBA03599-EFCD-40DC-AC2B-5E5F137726E8}.AppStore|iPhone.Build.0 = Release|x86
		{FBA03599-EFCD-40DC-AC2B-5E5F137726E8}.AppStore|iPhone.Deploy.0 = Release|x86
		{FBA03599-EFCD-40DC-AC2B-5E5F137726E8}.AppStore|iPhoneSimulator.ActiveCfg = Release|x86
		{FBA03599-EFCD-40DC-AC2B-5E5F137726E8}.AppStore|iPhoneSimulator.Build.0 = Release|x86
		{FBA03599-EFCD-40DC-AC2B-5E5F137726E8}.AppStore|iPhoneSimulator.Deploy.0 = Release|x86
		{FBA03599-EFCD-40DC-AC2B-5E5F137726E8}.AppStore|x64.ActiveCfg = Release|x64
		{FBA03599-EFCD-40DC-AC2B-5E5F137726E8}.AppStore|x64.Build.0 = Release|x64
		{FBA03599-EFCD-40DC-AC2B-5E5F137726E8}.AppStore|x64.Deploy.0 = Release|x64
		{FBA03599-EFCD-40DC-AC2B-5E5F137726E8}.AppStore|x86.ActiveCfg = Release|x86
		{FBA03599-EFCD-40DC-AC2B-5E5F137726E8}.AppStore|x86.Build.0 = Release|x86
		{FBA03599-EFCD-40DC-AC2B-5E5F137726E8}.AppStore|x86.Deploy.0 = Release|x86
		{FBA03599-EFCD-40DC-AC2B-5E5F137726E8}.Debug|Any CPU.ActiveCfg = Debug|x86
		{FBA03599-EFCD-40DC-AC2B-5E5F137726E8}.Debug|Any CPU.Build.0 = Debug|x86
		{FBA03599-EFCD-40DC-AC2B-5E5F137726E8}.Debug|Any CPU.Deploy.0 = Debug|x86
		{FBA03599-EFCD-40DC-AC2B-5E5F137726E8}.Debug|ARM.ActiveCfg = Debug|ARM
		{FBA03599-EFCD-40DC-AC2B-5E5F137726E8}.Debug|ARM.Build.0 = Debug|ARM
		{FBA03599-EFCD-40DC-AC2B-5E5F137726E8}.Debug|ARM.Deploy.0 = Debug|ARM
		{FBA03599-EFCD-40DC-AC2B-5E5F137726E8}.Debug|iPhone.ActiveCfg = Debug|x86
		{FBA03599-EFCD-40DC-AC2B-5E5F137726E8}.Debug|iPhone.Build.0 = Debug|x86
		{FBA03599-EFCD-40DC-AC2B-5E5F137726E8}.Debug|iPhone.Deploy.0 = Debug|x86
		{FBA03599-EFCD-40DC-AC2B-5E5F137726E8}.Debug|iPhoneSimulator.ActiveCfg = Debug|x86
		{FBA03599-EFCD-40DC-AC2B-5E5F137726E8}.Debug|iPhoneSimulator.Build.0 = Debug|x86
		{FBA03599-EFCD-40DC-AC2B-5E5F137726E8}.Debug|iPhoneSimulator.Deploy.0 = Debug|x86
		{FBA03599-EFCD-40DC-AC2B-5E5F137726E8}.Debug|x64.ActiveCfg = Debug|x64
		{FBA03599-EFCD-40DC-AC2B-5E5F137726E8}.Debug|x64.Build.0 = Debug|x64
		{FBA03599-EFCD-40DC-AC2B-5E5F137726E8}.Debug|x64.Deploy.0 = Debug|x64
		{FBA03599-EFCD-40DC-AC2B-5E5F137726E8}.Debug|x86.ActiveCfg = Debug|x86
		{FBA03599-EFCD-40DC-AC2B-5E5F137726E8}.Debug|x86.Build.0 = Debug|x86
		{FBA03599-EFCD-40DC-AC2B-5E5F137726E8}.Debug|x86.Deploy.0 = Debug|x86
		{FBA03599-EFCD-40DC-AC2B-5E5F137726E8}.Release|Any CPU.ActiveCfg = Release|x86
		{FBA03599-EFCD-40DC-AC2B-5E5F137726E8}.Release|Any CPU.Build.0 = Release|x86
		{FBA03599-EFCD-40DC-AC2B-5E5F137726E8}.Release|Any CPU.Deploy.0 = Release|x86
		{FBA03599-EFCD-40DC-AC2B-5E5F137726E8}.Release|ARM.ActiveCfg = Release|ARM
		{FBA03599-EFCD-40DC-AC2B-5E5F137726E8}.Release|ARM.Build.0 = Release|ARM
		{FBA03599-EFCD-40DC-AC2B-5E5F137726E8}.Release|ARM.Deploy.0 = Release|ARM
		{FBA03599-EFCD-40DC-AC2B-5E5F137726E8}.Release|iPhone.ActiveCfg = Release|x86
		{FBA03599-EFCD-40DC-AC2B-5E5F137726E8}.Release|iPhone.Build.0 = Release|x86
		{FBA03599-EFCD-40DC-AC2B-5E5F137726E8}.Release|iPhone.Deploy.0 = Release|x86
		{FBA03599-EFCD-40DC-AC2B-5E5F137726E8}.Release|iPhoneSimulator.ActiveCfg = Release|x86
		{FBA03599-EFCD-40DC-AC2B-5E5F137726E8}.Release|iPhoneSimulator.Build.0 = Release|x86
		{FBA03599-EFCD-40DC-AC2B-5E5F137726E8}.Release|iPhoneSimulator.Deploy.0 = Release|x86
		{FBA03599-EFCD-40DC-AC2B-5E5F137726E8}.Release|x64.ActiveCfg = Release|x64
		{FBA03599-EFCD-40DC-AC2B-5E5F137726E8}.Release|x64.Build.0 = Release|x64
		{FBA03599-EFCD-40DC-AC2B-5E5F137726E8}.Release|x64.Deploy.0 = Release|x64
		{FBA03599-EFCD-40DC-AC2B-5E5F137726E8}.Release|x86.ActiveCfg = Release|x86
		{FBA03599-EFCD-40DC-AC2B-5E5F137726E8}.Release|x86.Build.0 = Release|x86
		{FBA03599-EFCD-40DC-AC2B-5E5F137726E8}.Release|x86.Deploy.0 = Release|x86
		{116DB60D-FDFE-4F88-B3AD-4BC883993B23}.Ad-Hoc|Any CPU.ActiveCfg = Debug|Any CPU
		{116DB60D-FDFE-4F88-B3AD-4BC883993B23}.Ad-Hoc|Any CPU.Build.0 = Debug|Any CPU
		{116DB60D-FDFE-4F88-B3AD-4BC883993B23}.Ad-Hoc|Any CPU.Deploy.0 = Debug|Any CPU
		{116DB60D-FDFE-4F88-B3AD-4BC883993B23}.Ad-Hoc|ARM.ActiveCfg = Debug|Any CPU
		{116DB60D-FDFE-4F88-B3AD-4BC883993B23}.Ad-Hoc|ARM.Build.0 = Debug|Any CPU
		{116DB60D-FDFE-4F88-B3AD-4BC883993B23}.Ad-Hoc|ARM.Deploy.0 = Debug|Any CPU
		{116DB60D-FDFE-4F88-B3AD-4BC883993B23}.Ad-Hoc|iPhone.ActiveCfg = Debug|Any CPU
		{116DB60D-FDFE-4F88-B3AD-4BC883993B23}.Ad-Hoc|iPhone.Build.0 = Debug|Any CPU
		{116DB60D-FDFE-4F88-B3AD-4BC883993B23}.Ad-Hoc|iPhone.Deploy.0 = Debug|Any CPU
		{116DB60D-FDFE-4F88-B3AD-4BC883993B23}.Ad-Hoc|iPhoneSimulator.ActiveCfg = Debug|Any CPU
		{116DB60D-FDFE-4F88-B3AD-4BC883993B23}.Ad-Hoc|iPhoneSimulator.Build.0 = Debug|Any CPU
		{116DB60D-FDFE-4F88-B3AD-4BC883993B23}.Ad-Hoc|iPhoneSimulator.Deploy.0 = Debug|Any CPU
		{116DB60D-FDFE-4F88-B3AD-4BC883993B23}.Ad-Hoc|x64.ActiveCfg = Debug|Any CPU
		{116DB60D-FDFE-4F88-B3AD-4BC883993B23}.Ad-Hoc|x64.Build.0 = Debug|Any CPU
		{116DB60D-FDFE-4F88-B3AD-4BC883993B23}.Ad-Hoc|x64.Deploy.0 = Debug|Any CPU
		{116DB60D-FDFE-4F88-B3AD-4BC883993B23}.Ad-Hoc|x86.ActiveCfg = Debug|Any CPU
		{116DB60D-FDFE-4F88-B3AD-4BC883993B23}.Ad-Hoc|x86.Build.0 = Debug|Any CPU
		{116DB60D-FDFE-4F88-B3AD-4BC883993B23}.Ad-Hoc|x86.Deploy.0 = Debug|Any CPU
		{116DB60D-FDFE-4F88-B3AD-4BC883993B23}.AppStore|Any CPU.ActiveCfg = Debug|Any CPU
		{116DB60D-FDFE-4F88-B3AD-4BC883993B23}.AppStore|Any CPU.Build.0 = Debug|Any CPU
		{116DB60D-FDFE-4F88-B3AD-4BC883993B23}.AppStore|Any CPU.Deploy.0 = Debug|Any CPU
		{116DB60D-FDFE-4F88-B3AD-4BC883993B23}.AppStore|ARM.ActiveCfg = Debug|Any CPU
		{116DB60D-FDFE-4F88-B3AD-4BC883993B23}.AppStore|ARM.Build.0 = Debug|Any CPU
		{116DB60D-FDFE-4F88-B3AD-4BC883993B23}.AppStore|ARM.Deploy.0 = Debug|Any CPU
		{116DB60D-FDFE-4F88-B3AD-4BC883993B23}.AppStore|iPhone.ActiveCfg = Debug|Any CPU
		{116DB60D-FDFE-4F88-B3AD-4BC883993B23}.AppStore|iPhone.Build.0 = Debug|Any CPU
		{116DB60D-FDFE-4F88-B3AD-4BC883993B23}.AppStore|iPhone.Deploy.0 = Debug|Any CPU
		{116DB60D-FDFE-4F88-B3AD-4BC883993B23}.AppStore|iPhoneSimulator.ActiveCfg = Debug|Any CPU
		{116DB60D-FDFE-4F88-B3AD-4BC883993B23}.AppStore|iPhoneSimulator.Build.0 = Debug|Any CPU
		{116DB60D-FDFE-4F88-B3AD-4BC883993B23}.AppStore|iPhoneSimulator.Deploy.0 = Debug|Any CPU
		{116DB60D-FDFE-4F88-B3AD-4BC883993B23}.AppStore|x64.ActiveCfg = Debug|Any CPU
		{116DB60D-FDFE-4F88-B3AD-4BC883993B23}.AppStore|x64.Build.0 = Debug|Any CPU
		{116DB60D-FDFE-4F88-B3AD-4BC883993B23}.AppStore|x64.Deploy.0 = Debug|Any CPU
		{116DB60D-FDFE-4F88-B3AD-4BC883993B23}.AppStore|x86.ActiveCfg = Debug|Any CPU
		{116DB60D-FDFE-4F88-B3AD-4BC883993B23}.AppStore|x86.Build.0 = Debug|Any CPU
		{116DB60D-FDFE-4F88-B3AD-4BC883993B23}.AppStore|x86.Deploy.0 = Debug|Any CPU
		{116DB60D-FDFE-4F88-B3AD-4BC883993B23}.Debug|Any CPU.ActiveCfg = Debug|Any CPU
		{116DB60D-FDFE-4F88-B3AD-4BC883993B23}.Debug|Any CPU.Build.0 = Debug|Any CPU
		{116DB60D-FDFE-4F88-B3AD-4BC883993B23}.Debug|Any CPU.Deploy.0 = Debug|Any CPU
		{116DB60D-FDFE-4F88-B3AD-4BC883993B23}.Debug|ARM.ActiveCfg = Debug|Any CPU
		{116DB60D-FDFE-4F88-B3AD-4BC883993B23}.Debug|ARM.Build.0 = Debug|Any CPU
		{116DB60D-FDFE-4F88-B3AD-4BC883993B23}.Debug|ARM.Deploy.0 = Debug|Any CPU
		{116DB60D-FDFE-4F88-B3AD-4BC883993B23}.Debug|iPhone.ActiveCfg = Debug|Any CPU
		{116DB60D-FDFE-4F88-B3AD-4BC883993B23}.Debug|iPhone.Build.0 = Debug|Any CPU
		{116DB60D-FDFE-4F88-B3AD-4BC883993B23}.Debug|iPhone.Deploy.0 = Debug|Any CPU
		{116DB60D-FDFE-4F88-B3AD-4BC883993B23}.Debug|iPhoneSimulator.ActiveCfg = Debug|Any CPU
		{116DB60D-FDFE-4F88-B3AD-4BC883993B23}.Debug|iPhoneSimulator.Build.0 = Debug|Any CPU
		{116DB60D-FDFE-4F88-B3AD-4BC883993B23}.Debug|iPhoneSimulator.Deploy.0 = Debug|Any CPU
		{116DB60D-FDFE-4F88-B3AD-4BC883993B23}.Debug|x64.ActiveCfg = Debug|Any CPU
		{116DB60D-FDFE-4F88-B3AD-4BC883993B23}.Debug|x64.Build.0 = Debug|Any CPU
		{116DB60D-FDFE-4F88-B3AD-4BC883993B23}.Debug|x64.Deploy.0 = Debug|Any CPU
		{116DB60D-FDFE-4F88-B3AD-4BC883993B23}.Debug|x86.ActiveCfg = Debug|Any CPU
		{116DB60D-FDFE-4F88-B3AD-4BC883993B23}.Debug|x86.Build.0 = Debug|Any CPU
		{116DB60D-FDFE-4F88-B3AD-4BC883993B23}.Debug|x86.Deploy.0 = Debug|Any CPU
		{116DB60D-FDFE-4F88-B3AD-4BC883993B23}.Release|Any CPU.ActiveCfg = Release|Any CPU
		{116DB60D-FDFE-4F88-B3AD-4BC883993B23}.Release|Any CPU.Build.0 = Release|Any CPU
		{116DB60D-FDFE-4F88-B3AD-4BC883993B23}.Release|Any CPU.Deploy.0 = Release|Any CPU
		{116DB60D-FDFE-4F88-B3AD-4BC883993B23}.Release|ARM.ActiveCfg = Release|Any CPU
		{116DB60D-FDFE-4F88-B3AD-4BC883993B23}.Release|ARM.Build.0 = Release|Any CPU
		{116DB60D-FDFE-4F88-B3AD-4BC883993B23}.Release|ARM.Deploy.0 = Release|Any CPU
		{116DB60D-FDFE-4F88-B3AD-4BC883993B23}.Release|iPhone.ActiveCfg = Release|Any CPU
		{116DB60D-FDFE-4F88-B3AD-4BC883993B23}.Release|iPhone.Build.0 = Release|Any CPU
		{116DB60D-FDFE-4F88-B3AD-4BC883993B23}.Release|iPhone.Deploy.0 = Release|Any CPU
		{116DB60D-FDFE-4F88-B3AD-4BC883993B23}.Release|iPhoneSimulator.ActiveCfg = Release|Any CPU
		{116DB60D-FDFE-4F88-B3AD-4BC883993B23}.Release|iPhoneSimulator.Build.0 = Release|Any CPU
		{116DB60D-FDFE-4F88-B3AD-4BC883993B23}.Release|iPhoneSimulator.Deploy.0 = Release|Any CPU
		{116DB60D-FDFE-4F88-B3AD-4BC883993B23}.Release|x64.ActiveCfg = Release|Any CPU
		{116DB60D-FDFE-4F88-B3AD-4BC883993B23}.Release|x64.Build.0 = Release|Any CPU
		{116DB60D-FDFE-4F88-B3AD-4BC883993B23}.Release|x64.Deploy.0 = Release|Any CPU
		{116DB60D-FDFE-4F88-B3AD-4BC883993B23}.Release|x86.ActiveCfg = Release|Any CPU
		{116DB60D-FDFE-4F88-B3AD-4BC883993B23}.Release|x86.Build.0 = Release|Any CPU
		{116DB60D-FDFE-4F88-B3AD-4BC883993B23}.Release|x86.Deploy.0 = Release|Any CPU
	EndGlobalSection
	GlobalSection(SolutionProperties) = preSolution
		HideSolutionNode = FALSE
	EndGlobalSection
	GlobalSection(ExtensibilityGlobals) = postSolution
		SolutionGuid = {B4693434-DD02-4465-B85C-132C8C735A3D}
	EndGlobalSection
EndGlobal
